# THIS IS AN AUTOGENERATED FILE. DO NOT EDIT THIS FILE DIRECTLY.
# yarn lockfile v1


"@vant/area-data@^1.2.3":
  version "1.2.3"
  resolved "https://registry.yarnpkg.com/@vant/area-data/-/area-data-1.2.3.tgz#9c1b5a0e5e563836969bfc78f8a56e63657f3007"
  integrity sha512-9bDgEsFnTjdaYXPvsYKRQmxzKDdLCl0c1dOo4JGE6RhaIcq2kR2f5cK0LUdGK+U/SuBz9NfW5ejL1lejcFiP1Q==

"@vant/weapp@^1.10.2":
  version "1.10.2"
  resolved "https://registry.yarnpkg.com/@vant/weapp/-/weapp-1.10.2.tgz#013fbf2fdc6d59d9e92bb82a0f772f032fb52945"
  integrity sha512-caqA0xQxM4lMRncFsRPPVMDdEzUBCJ4xdFXuKReXpEU3qwnVIP/WIjVDIi7mWyS7xqz8C9WfSW5JL4PrlSq31w==

area-data@^5.0.6:
  version "5.0.6"
  resolved "https://registry.yarnpkg.com/area-data/-/area-data-5.0.6.tgz#c381c3f88ff9e1050accd07549d206fce2a28d13"
  integrity sha512-QxLoA+823xXKyhw5S3750I9TToki0OS42HU9ol3rCOsCXfkjtl8RtQ/eoj0cK0Levn4//oEM05FmMumfw/HIlg==
